// !$*UTF8*$!
{
	archiveVersion = 1;
	classes = {
	};
	objectVersion = 52;
	objects = {

/* Begin PBXBuildFile section */
		882F180125D72E0E003A9CA9 /* VaccineSlotsNYCApp.swift in Sources */ = {isa = PBXBuildFile; fileRef = 882F180025D72E0E003A9CA9 /* VaccineSlotsNYCApp.swift */; };
		882F180325D72E0E003A9CA9 /* ContentView.swift in Sources */ = {isa = PBXBuildFile; fileRef = 882F180225D72E0E003A9CA9 /* ContentView.swift */; };
		882F180525D72E0E003A9CA9 /* Assets.xcassets in Resources */ = {isa = PBXBuildFile; fileRef = 882F180425D72E0E003A9CA9 /* Assets.xcassets */; };
		882F180825D72E0E003A9CA9 /* Preview Assets.xcassets in Resources */ = {isa = PBXBuildFile; fileRef = 882F180725D72E0E003A9CA9 /* Preview Assets.xcassets */; };
		882F181425DD88C7003A9CA9 /* SwiftSMTP in Frameworks */ = {isa = PBXBuildFile; productRef = 882F181325DD88C7003A9CA9 /* SwiftSMTP */; };
/* End PBXBuildFile section */

/* Begin PBXFileReference section */
		882F17FD25D72E0E003A9CA9 /* VaccineSlotsNYC.app */ = {isa = PBXFileReference; explicitFileType = wrapper.application; includeInIndex = 0; path = VaccineSlotsNYC.app; sourceTree = BUILT_PRODUCTS_DIR; };
		882F180025D72E0E003A9CA9 /* VaccineSlotsNYCApp.swift */ = {isa = PBXFileReference; lastKnownFileType = sourcecode.swift; path = VaccineSlotsNYCApp.swift; sourceTree = "<group>"; };
		882F180225D72E0E003A9CA9 /* ContentView.swift */ = {isa = PBXFileReference; lastKnownFileType = sourcecode.swift; path = ContentView.swift; sourceTree = "<group>"; };
		882F180425D72E0E003A9CA9 /* Assets.xcassets */ = {isa = PBXFileReference; lastKnownFileType = folder.assetcatalog; path = Assets.xcassets; sourceTree = "<group>"; };
		882F180725D72E0E003A9CA9 /* Preview Assets.xcassets */ = {isa = PBXFileReference; lastKnownFileType = folder.assetcatalog; path = "Preview Assets.xcassets"; sourceTree = "<group>"; };
		882F180925D72E0E003A9CA9 /* Info.plist */ = {isa = PBXFileReference; lastKnownFileType = text.plist.xml; path = Info.plist; sourceTree = "<group>"; };
/* End PBXFileReference section */

/* Begin PBXFrameworksBuildPhase section */
		882F17FA25D72E0E003A9CA9 /* Frameworks */ = {
			isa = PBXFrameworksBuildPhase;
			buildActionMask = 2147483647;
			files = (
				882F181425DD88C7003A9CA9 /* SwiftSMTP in Frameworks */,
			);
			runOnlyForDeploymentPostprocessing = 0;
		};
/* End PBXFrameworksBuildPhase section */

/* Begin PBXGroup section */
		882F17F425D72E0E003A9CA9 = {
			isa = PBXGroup;
			children = (
				882F17FF25D72E0E003A9CA9 /* VaccineSlotsNYC */,
				882F17FE25D72E0E003A9CA9 /* Products */,
			);
			sourceTree = "<group>";
		};
		882F17FE25D72E0E003A9CA9 /* Products */ = {
			isa = PBXGroup;
			children = (
				882F17FD25D72E0E003A9CA9 /* VaccineSlotsNYC.app */,
			);
			name = Products;
			sourceTree = "<group>";
		};
		882F17FF25D72E0E003A9CA9 /* VaccineSlotsNYC */ = {
			isa = PBXGroup;
			children = (
				882F180025D72E0E003A9CA9 /* VaccineSlotsNYCApp.swift */,
				882F180225D72E0E003A9CA9 /* ContentView.swift */,
				882F180425D72E0E003A9CA9 /* Assets.xcassets */,
				882F180925D72E0E003A9CA9 /* Info.plist */,
				882F180625D72E0E003A9CA9 /* Preview Content */,
			);
			path = VaccineSlotsNYC;
			sourceTree = "<group>";
		};
		882F180625D72E0E003A9CA9 /* Preview Content */ = {
			isa = PBXGroup;
			children = (
				882F180725D72E0E003A9CA9 /* Preview Assets.xcassets */,
			);
			path = "Preview Content";
			sourceTree = "<group>";
		};
/* End PBXGroup section */

/* Begin PBXNativeTarget section */
		882F17FC25D72E0E003A9CA9 /* VaccineSlotsNYC */ = {
			isa = PBXNativeTarget;
			buildConfigurationList = 882F180C25D72E0E003A9CA9 /* Build configuration list for PBXNativeTarget "VaccineSlotsNYC" */;
			buildPhases = (
				882F17F925D72E0E003A9CA9 /* Sources */,
				882F17FA25D72E0E003A9CA9 /* Frameworks */,
				882F17FB25D72E0E003A9CA9 /* Resources */,
			);
			buildRules = (
			);
			dependencies = (
			);
			name = VaccineSlotsNYC;
			packageProductDependencies = (
				882F181325DD88C7003A9CA9 /* SwiftSMTP */,
			);
			productName = VaccineSlotsNYC;
			productReference = 882F17FD25D72E0E003A9CA9 /* VaccineSlotsNYC.app */;
			productType = "com.apple.product-type.application";
		};
/* End PBXNativeTarget section */

/* Begin PBXProject section */
		882F17F525D72E0E003A9CA9 /* Project object */ = {
			isa = PBXProject;
			attributes = {
				LastSwiftUpdateCheck = 1240;
				LastUpgradeCheck = 1240;
				TargetAttributes = {
					882F17FC25D72E0E003A9CA9 = {
						CreatedOnToolsVersion = 12.4;
					};
				};
			};
			buildConfigurationList = 882F17F825D72E0E003A9CA9 /* Build configuration list for PBXProject "VaccineSlotsNYC" */;
			compatibilityVersion = "Xcode 9.3";
			developmentRegion = en;
			hasScannedForEncodings = 0;
			knownRegions = (
				en,
				Base,
			);
			mainGroup = 882F17F425D72E0E003A9CA9;
			packageReferences = (
				882F181225DD88C7003A9CA9 /* XCRemoteSwiftPackageReference "Swift-SMTP" */,
			);
			productRefGroup = 882F17FE25D72E0E003A9CA9 /* Products */;
			projectDirPath = "";
			projectRoot = "";
			targets = (
				882F17FC25D72E0E003A9CA9 /* VaccineSlotsNYC */,
			);
		};
/* End PBXProject section */

/* Begin PBXResourcesBuildPhase section */
		882F17FB25D72E0E003A9CA9 /* Resources */ = {
			isa = PBXResourcesBuildPhase;
			buildActionMask = 2147483647;
			files = (
				882F180825D72E0E003A9CA9 /* Preview Assets.xcassets in Resources */,
				882F180525D72E0E003A9CA9 /* Assets.xcassets in Resources */,
			);
			runOnlyForDeploymentPostprocessing = 0;
		};
/* End PBXResourcesBuildPhase section */

/* Begin PBXSourcesBuildPhase section */
		882F17F925D72E0E003A9CA9 /* Sources */ = {
			isa = PBXSourcesBuildPhase;
			buildActionMask = 2147483647;
			files = (
				882F180325D72E0E003A9CA9 /* ContentView.swift in Sources */,
				882F180125D72E0E003A9CA9 /* VaccineSlotsNYCApp.swift in Sources */,
			);
			runOnlyForDeploymentPostprocessing = 0;
		};
/* End PBXSourcesBuildPhase section */

/* Begin XCBuildConfiguration section */
		882F180A25D72E0E003A9CA9 /* Debug */ = {
			isa = XCBuildConfiguration;
			buildSettings = {
				ALWAYS_SEARCH_USER_PATHS = NO;
				CLANG_ANALYZER_NONNULL = YES;
				CLANG_ANALYZER_NUMBER_OBJECT_CONVERSION = YES_AGGRESSIVE;
				CLANG_CXX_LANGUAGE_STANDARD = "gnu++14";
				CLANG_CXX_LIBRARY = "libc++";
				CLANG_ENABLE_MODULES = YES;
				CLANG_ENABLE_OBJC_ARC = YES;
				CLANG_ENABLE_OBJC_WEAK = YES;
				CLANG_WARN_BLOCK_CAPTURE_AUTORELEASING = YES;
				CLANG_WARN_BOOL_CONVERSION = YES;
				CLANG_WARN_COMMA = YES;
				CLANG_WARN_CONSTANT_CONVERSION = YES;
				CLANG_WARN_DEPRECATED_OBJC_IMPLEMENTATIONS = YES;
				CLANG_WARN_DIRECT_OBJC_ISA_USAGE = YES_ERROR;
				CLANG_WARN_DOCUMENTATION_COMMENTS = YES;
				CLANG_WARN_EMPTY_BODY = YES;
				CLANG_WARN_ENUM_CONVERSION = YES;
				CLANG_WARN_INFINITE_RECURSION = YES;
				CLANG_WARN_INT_CONVERSION = YES;
				CLANG_WARN_NON_LITERAL_NULL_CONVERSION = YES;
				CLANG_WARN_OBJC_IMPLICIT_RETAIN_SELF = YES;
				CLANG_WARN_OBJC_LITERAL_CONVERSION = YES;
				CLANG_WARN_OBJC_ROOT_CLASS = YES_ERROR;
				CLANG_WARN_QUOTED_INCLUDE_IN_FRAMEWORK_HEADER = YES;
				CLANG_WARN_RANGE_LOOP_ANALYSIS = YES;
				CLANG_WARN_STRICT_PROTOTYPES = YES;
				CLANG_WARN_SUSPICIOUS_MOVE = YES;
				CLANG_WARN_UNGUARDED_AVAILABILITY = YES_AGGRESSIVE;
				CLANG_WARN_UNREACHABLE_CODE = YES;
				CLANG_WARN__DUPLICATE_METHOD_MATCH = YES;
				COPY_PHASE_STRIP = NO;
				DEBUG_INFORMATION_FORMAT = dwarf;
				ENABLE_STRICT_OBJC_MSGSEND = YES;
				ENABLE_TESTABILITY = YES;
				GCC_C_LANGUAGE_STANDARD = gnu11;
				GCC_DYNAMIC_NO_PIC = NO;
				GCC_NO_COMMON_BLOCKS = YES;
				GCC_OPTIMIZATION_LEVEL = 0;
				GCC_PREPROCESSOR_DEFINITIONS = (
					"DEBUG=1",
					"$(inherited)",
				);
				GCC_WARN_64_TO_32_BIT_CONVERSION = YES;
				GCC_WARN_ABOUT_RETURN_TYPE = YES_ERROR;
				GCC_WARN_UNDECLARED_SELECTOR = YES;
				GCC_WARN_UNINITIALIZED_AUTOS = YES_AGGRESSIVE;
				GCC_WARN_UNUSED_FUNCTION = YES;
				GCC_WARN_UNUSED_VARIABLE = YES;
				IPHONEOS_DEPLOYMENT_TARGET = 14.4;
				MTL_ENABLE_DEBUG_INFO = INCLUDE_SOURCE;
				MTL_FAST_MATH = YES;
				ONLY_ACTIVE_ARCH = YES;
				SDKROOT = iphoneos;
				SWIFT_ACTIVE_COMPILATION_CONDITIONS = DEBUG;
				SWIFT_OPTIMIZATION_LEVEL = "-Onone";
			};
			name = Debug;
		};
		882F180B25D72E0E003A9CA9 /* Release */ = {
			isa = XCBuildConfiguration;
			buildSettings = {
				ALWAYS_SEARCH_USER_PATHS = NO;
				CLANG_ANALYZER_NONNULL = YES;
				CLANG_ANALYZER_NUMBER_OBJECT_CONVERSION = YES_AGGRESSIVE;
				CLANG_CXX_LANGUAGE_STANDARD = "gnu++14";
				CLANG_CXX_LIBRARY = "libc++";
				CLANG_ENABLE_MODULES = YES;
				CLANG_ENABLE_OBJC_ARC = YES;
				CLANG_ENABLE_OBJC_WEAK = YES;
				CLANG_WARN_BLOCK_CAPTURE_AUTORELEASING = YES;
				CLANG_WARN_BOOL_CONVERSION = YES;
				CLANG_WARN_COMMA = YES;
				CLANG_WARN_CONSTANT_CONVERSION = YES;
				CLANG_WARN_DEPRECATED_OBJC_IMPLEMENTATIONS = YES;
				CLANG_WARN_DIRECT_OBJC_ISA_USAGE = YES_ERROR;
				CLANG_WARN_DOCUMENTATION_COMMENTS = YES;
				CLANG_WARN_EMPTY_BODY = YES;
				CLANG_WARN_ENUM_CONVERSION = YES;
				CLANG_WARN_INFINITE_RECURSION = YES;
				CLANG_WARN_INT_CONVERSION = YES;
				CLANG_WARN_NON_LITERAL_NULL_CONVERSION = YES;
				CLANG_WARN_OBJC_IMPLICIT_RETAIN_SELF = YES;
				CLANG_WARN_OBJC_LITERAL_CONVERSION = YES;
				CLANG_WARN_OBJC_ROOT_CLASS = YES_ERROR;
				CLANG_WARN_QUOTED_INCLUDE_IN_FRAMEWORK_HEADER = YES;
				CLANG_WARN_RANGE_LOOP_ANALYSIS = YES;
				CLANG_WARN_STRICT_PROTOTYPES = YES;
				CLANG_WARN_SUSPICIOUS_MOVE = YES;
				CLANG_WARN_UNGUARDED_AVAILABILITY = YES_AGGRESSIVE;
				CLANG_WARN_UNREACHABLE_CODE = YES;
				CLANG_WARN__DUPLICATE_METHOD_MATCH = YES;
				COPY_PHASE_STRIP = NO;
				DEBUG_INFORMATION_FORMAT = "dwarf-with-dsym";
				ENABLE_NS_ASSERTIONS = NO;
				ENABLE_STRICT_OBJC_MSGSEND = YES;
				GCC_C_LANGUAGE_STANDARD = gnu11;
				GCC_NO_COMMON_BLOCKS = YES;
				GCC_WARN_64_TO_32_BIT_CONVERSION = YES;
				GCC_WARN_ABOUT_RETURN_TYPE = YES_ERROR;
				GCC_WARN_UNDECLARED_SELECTOR = YES;
				GCC_WARN_UNINITIALIZED_AUTOS = YES_AGGRESSIVE;
				GCC_WARN_UNUSED_FUNCTION = YES;
				GCC_WARN_UNUSED_VARIABLE = YES;
				IPHONEOS_DEPLOYMENT_TARGET = 14.4;
				MTL_ENABLE_DEBUG_INFO = NO;
				MTL_FAST_MATH = YES;
				SDKROOT = iphoneos;
				SWIFT_COMPILATION_MODE = wholemodule;
				SWIFT_OPTIMIZATION_LEVEL = "-O";
				VALIDATE_PRODUCT = YES;
			};
			name = Release;
		};
		882F180D25D72E0E003A9CA9 /* Debug */ = {
			isa = XCBuildConfiguration;
			buildSettings = {
				ASSETCATALOG_COMPILER_APPICON_NAME = AppIcon;
				ASSETCATALOG_COMPILER_GLOBAL_ACCENT_COLOR_NAME = AccentColor;
				CODE_SIGN_STYLE = Automatic;
				DEVELOPMENT_ASSET_PATHS = "\"VaccineSlotsNYC/Preview Content\"";
				DEVELOPMENT_TEAM = WMBW2NV8UG;
				ENABLE_PREVIEWS = YES;
				INFOPLIST_FILE = VaccineSlotsNYC/Info.plist;
				IPHONEOS_DEPLOYMENT_TARGET = 14.0;
				LD_RUNPATH_SEARCH_PATHS = (
					"$(inherited)",
					"@executable_path/Frameworks",
				);
				PRODUCT_BUNDLE_IDENTIFIER = com.billpaetzke.VaccineSlotsNYC;
				PRODUCT_NAME = "$(TARGET_NAME)";
				SWIFT_VERSION = 5.0;
				TARGETED_DEVICE_FAMILY = "1,2";
			};
			name = Debug;
		};
		882F180E25D72E0E003A9CA9 /* Release */ = {
			isa = XCBuildConfiguration;
			buildSettings = {
				ASSETCATALOG_COMPILER_APPICON_NAME = AppIcon;
				ASSETCATALOG_COMPILER_GLOBAL_ACCENT_COLOR_NAME = AccentColor;
				CODE_SIGN_STYLE = Automatic;
				DEVELOPMENT_ASSET_PATHS = "\"VaccineSlotsNYC/Preview Content\"";
				DEVELOPMENT_TEAM = WMBW2NV8UG;
				ENABLE_PREVIEWS = YES;
				INFOPLIST_FILE = VaccineSlotsNYC/Info.plist;
				IPHONEOS_DEPLOYMENT_TARGET = 14.0;
				LD_RUNPATH_SEARCH_PATHS = (
					"$(inherited)",
					"@executable_path/Frameworks",
				);
				PRODUCT_BUNDLE_IDENTIFIER = com.billpaetzke.VaccineSlotsNYC;
				PRODUCT_NAME = "$(TARGET_NAME)";
				SWIFT_VERSION = 5.0;
				TARGETED_DEVICE_FAMILY = "1,2";
			};
			name = Release;
		};
/* End XCBuildConfiguration section */

/* Begin XCConfigurationList section */
		882F17F825D72E0E003A9CA9 /* Build configuration list for PBXProject "VaccineSlotsNYC" */ = {
			isa = XCConfigurationList;
			buildConfigurations = (
				882F180A25D72E0E003A9CA9 /* Debug */,
				882F180B25D72E0E003A9CA9 /* Release */,
			);
			defaultConfigurationIsVisible = 0;
			defaultConfigurationName = Release;
		};
		882F180C25D72E0E003A9CA9 /* Build configuration list for PBXNativeTarget "VaccineSlotsNYC" */ = {
			isa = XCConfigurationList;
			buildConfigurations = (
				882F180D25D72E0E003A9CA9 /* Debug */,
				882F180E25D72E0E003A9CA9 /* Release */,
			);
			defaultConfigurationIsVisible = 0;
			defaultConfigurationName = Release;
		};
/* End XCConfigurationList section */

/* Begin XCRemoteSwiftPackageReference section */
		882F181225DD88C7003A9CA9 /* XCRemoteSwiftPackageReference "Swift-SMTP" */ = {
			isa = XCRemoteSwiftPackageReference;
			repositoryURL = "https://github.com/Kitura/Swift-SMTP";
			requirement = {
				kind = upToNextMajorVersion;
				minimumVersion = 5.1.200;
			};
		};
/* End XCRemoteSwiftPackageReference section */

/* Begin XCSwiftPackageProductDependency section */
		882F181325DD88C7003A9CA9 /* SwiftSMTP */ = {
			isa = XCSwiftPackageProductDependency;
			package = 882F181225DD88C7003A9CA9 /* XCRemoteSwiftPackageReference "Swift-SMTP" */;
			productName = SwiftSMTP;
		};
/* End XCSwiftPackageProductDependency section */
	};
	rootObject = 882F17F525D72E0E003A9CA9 /* Project object */;
}
